
Microsoft Visual Studio Solution File, Format Version 12.00
# Visual Studio Version 17
VisualStudioVersion = 17.11.35312.102
MinimumVisualStudioVersion = 10.0.40219.1
Project("{FAE04EC0-301F-11D3-BF4B-00C04F79EFBC}") = "01_Mainsubject", "0_Mainsubject\01_Mainsubject.csproj", "{0A7C728F-91C2-406A-99CD-0343AE1A6DA9}"
EndProject
Project("{FAE04EC0-301F-11D3-BF4B-00C04F79EFBC}") = "02_Variable", "01_Variable\02_Variable.csproj", "{26EB38BA-4288-40D2-924B-3E83976B1DA6}"
EndProject
Global
	GlobalSection(SolutionConfigurationPlatforms) = preSolution
		Debug|Any CPU = Debug|Any CPU
		Release|Any CPU = Release|Any CPU
	EndGlobalSection
	GlobalSection(ProjectConfigurationPlatforms) = postSolution
		{0A7C728F-91C2-406A-99CD-0343AE1A6DA9}.Debug|Any CPU.ActiveCfg = Debug|Any CPU
		{0A7C728F-91C2-406A-99CD-0343AE1A6DA9}.Debug|Any CPU.Build.0 = Debug|Any CPU
		{0A7C728F-91C2-406A-99CD-0343AE1A6DA9}.Release|Any CPU.ActiveCfg = Release|Any CPU
		{0A7C728F-91C2-406A-99CD-0343AE1A6DA9}.Release|Any CPU.Build.0 = Release|Any CPU
		{26EB38BA-4288-40D2-924B-3E83976B1DA6}.Debug|Any CPU.ActiveCfg = Debug|Any CPU
		{26EB38BA-4288-40D2-924B-3E83976B1DA6}.Debug|Any CPU.Build.0 = Debug|Any CPU
		{26EB38BA-4288-40D2-924B-3E83976B1DA6}.Release|Any CPU.ActiveCfg = Release|Any CPU
		{26EB38BA-4288-40D2-924B-3E83976B1DA6}.Release|Any CPU.Build.0 = Release|Any CPU
	EndGlobalSection
	GlobalSection(SolutionProperties) = preSolution
		HideSolutionNode = FALSE
	EndGlobalSection
	GlobalSection(ExtensibilityGlobals) = postSolution
		SolutionGuid = {806C2A96-8C6D-45C8-925C-22BBBBD379CA}
	EndGlobalSection
EndGlobal
